
Microsoft Visual Studio Solution File, Format Version 12.00
# Visual Studio Version 17
VisualStudioVersion = 17.3.32901.215
MinimumVisualStudioVersion = 10.0.40219.1
Project("{FAE04EC0-301F-11D3-BF4B-00C04F79EFBC}") = "CrudJWT", "CrudJWT\CrudJWT.csproj", "{DB17328F-4293-4345-B66D-E8D498F756B8}"
EndProject
Global
	GlobalSection(SolutionConfigurationPlatforms) = preSolution
		Debug|Any CPU = Debug|Any CPU
		Release|Any CPU = Release|Any CPU
	EndGlobalSection
	GlobalSection(ProjectConfigurationPlatforms) = postSolution
		{DB17328F-4293-4345-B66D-E8D498F756B8}.Debug|Any CPU.ActiveCfg = Debug|Any CPU
		{DB17328F-4293-4345-B66D-E8D498F756B8}.Debug|Any CPU.Build.0 = Debug|Any CPU
		{DB17328F-4293-4345-B66D-E8D498F756B8}.Release|Any CPU.ActiveCfg = Release|Any CPU
		{DB17328F-4293-4345-B66D-E8D498F756B8}.Release|Any CPU.Build.0 = Release|Any CPU
	EndGlobalSection
	GlobalSection(SolutionProperties) = preSolution
		HideSolutionNode = FALSE
	EndGlobalSection
	GlobalSection(ExtensibilityGlobals) = postSolution
		SolutionGuid = {E391572D-5768-4B28-B61D-DFFCAAEC8238}
	EndGlobalSection
EndGlobal
